
Microsoft Visual Studio Solution File, Format Version 12.00
# Visual Studio Version 17
VisualStudioVersion = 17.1.32421.90
MinimumVisualStudioVersion = 10.0.40219.1
Project("{FAE04EC0-301F-11D3-BF4B-00C04F79EFBC}") = "Alarm", "Alarm\Alarm.csproj", "{6AABAF64-DAD2-4AE6-81BA-6C5DF7E0E1DA}"
EndProject
Global
	GlobalSection(SolutionConfigurationPlatforms) = preSolution
		Debug|Any CPU = Debug|Any CPU
		Release|Any CPU = Release|Any CPU
	EndGlobalSection
	GlobalSection(ProjectConfigurationPlatforms) = postSolution
		{6AABAF64-DAD2-4AE6-81BA-6C5DF7E0E1DA}.Debug|Any CPU.ActiveCfg = Debug|Any CPU
		{6AABAF64-DAD2-4AE6-81BA-6C5DF7E0E1DA}.Debug|Any CPU.Build.0 = Debug|Any CPU
		{6AABAF64-DAD2-4AE6-81BA-6C5DF7E0E1DA}.Release|Any CPU.ActiveCfg = Release|Any CPU
		{6AABAF64-DAD2-4AE6-81BA-6C5DF7E0E1DA}.Release|Any CPU.Build.0 = Release|Any CPU
	EndGlobalSection
	GlobalSection(SolutionProperties) = preSolution
		HideSolutionNode = FALSE
	EndGlobalSection
	GlobalSection(ExtensibilityGlobals) = postSolution
		SolutionGuid = {E9122AAD-0FFB-40C6-8A0E-7395D4AB24DE}
	EndGlobalSection
EndGlobal
